
Microsoft Visual Studio Solution File, Format Version 12.00
# Visual Studio Version 17
VisualStudioVersion = 17.8.34511.84
MinimumVisualStudioVersion = 10.0.40219.1
Project("{FAE04EC0-301F-11D3-BF4B-00C04F79EFBC}") = "Demo.UWP", "Demo\Demo.UWP\Demo.UWP.csproj", "{1D8853A7-F1DA-4493-AC45-ED1D4BDBE931}"
EndProject
Project("{FAE04EC0-301F-11D3-BF4B-00C04F79EFBC}") = "Demo.Android", "Demo\Demo.Android\Demo.Android.csproj", "{4B1BBD56-DF80-4441-AF90-57BBF204E678}"
EndProject
Project("{FAE04EC0-301F-11D3-BF4B-00C04F79EFBC}") = "Demo.iOS", "Demo\Demo.iOS\Demo.iOS.csproj", "{9E2034FB-54F4-42CB-9BD4-65DB8A84BC08}"
EndProject
Project("{9A19103F-16F7-4668-BE54-9A1E7A4F7556}") = "Demo", "Demo\Demo\Demo.csproj", "{116A51E0-7E60-4723-B6E7-6770F37B9249}"
EndProject
Project("{2150E333-8FDC-42A3-9474-1A3956D46DE8}") = "Core", "Core", "{5A84B799-A57E-4DB2-B302-9387B48F7C76}"
EndProject
Project("{2150E333-8FDC-42A3-9474-1A3956D46DE8}") = "Aplication", "Aplication", "{5E30C77B-FB26-4E74-B9FA-C5379512B229}"
EndProject
Project("{2150E333-8FDC-42A3-9474-1A3956D46DE8}") = "Vistas", "Vistas", "{F9013C5E-666F-403E-AD91-A36260AE48DB}"
EndProject
Project("{9A19103F-16F7-4668-BE54-9A1E7A4F7556}") = "Demo.Core", "Demo.Core\Demo.Core.csproj", "{4F61ACB6-EFC9-46F4-B4BD-8ADE814E4495}"
EndProject
Global
	GlobalSection(SolutionConfigurationPlatforms) = preSolution
		Debug|Any CPU = Debug|Any CPU
		Debug|ARM = Debug|ARM
		Debug|iPhone = Debug|iPhone
		Debug|iPhoneSimulator = Debug|iPhoneSimulator
		Debug|x64 = Debug|x64
		Debug|x86 = Debug|x86
		Release|Any CPU = Release|Any CPU
		Release|ARM = Release|ARM
		Release|iPhone = Release|iPhone
		Release|iPhoneSimulator = Release|iPhoneSimulator
		Release|x64 = Release|x64
		Release|x86 = Release|x86
	EndGlobalSection
	GlobalSection(ProjectConfigurationPlatforms) = postSolution
		{1D8853A7-F1DA-4493-AC45-ED1D4BDBE931}.Debug|Any CPU.ActiveCfg = Debug|x64
		{1D8853A7-F1DA-4493-AC45-ED1D4BDBE931}.Debug|Any CPU.Build.0 = Debug|x64
		{1D8853A7-F1DA-4493-AC45-ED1D4BDBE931}.Debug|Any CPU.Deploy.0 = Debug|x64
		{1D8853A7-F1DA-4493-AC45-ED1D4BDBE931}.Debug|ARM.ActiveCfg = Debug|ARM
		{1D8853A7-F1DA-4493-AC45-ED1D4BDBE931}.Debug|ARM.Build.0 = Debug|ARM
		{1D8853A7-F1DA-4493-AC45-ED1D4BDBE931}.Debug|ARM.Deploy.0 = Debug|ARM
		{1D8853A7-F1DA-4493-AC45-ED1D4BDBE931}.Debug|iPhone.ActiveCfg = Debug|x64
		{1D8853A7-F1DA-4493-AC45-ED1D4BDBE931}.Debug|iPhone.Build.0 = Debug|x64
		{1D8853A7-F1DA-4493-AC45-ED1D4BDBE931}.Debug|iPhone.Deploy.0 = Debug|x64
		{1D8853A7-F1DA-4493-AC45-ED1D4BDBE931}.Debug|iPhoneSimulator.ActiveCfg = Debug|x64
		{1D8853A7-F1DA-4493-AC45-ED1D4BDBE931}.Debug|iPhoneSimulator.Build.0 = Debug|x64
		{1D8853A7-F1DA-4493-AC45-ED1D4BDBE931}.Debug|iPhoneSimulator.Deploy.0 = Debug|x64
		{1D8853A7-F1DA-4493-AC45-ED1D4BDBE931}.Debug|x64.ActiveCfg = Debug|x64
		{1D8853A7-F1DA-4493-AC45-ED1D4BDBE931}.Debug|x64.Build.0 = Debug|x64
		{1D8853A7-F1DA-4493-AC45-ED1D4BDBE931}.Debug|x64.Deploy.0 = Debug|x64
		{1D8853A7-F1DA-4493-AC45-ED1D4BDBE931}.Debug|x86.ActiveCfg = Debug|x86
		{1D8853A7-F1DA-4493-AC45-ED1D4BDBE931}.Debug|x86.Build.0 = Debug|x86
		{1D8853A7-F1DA-4493-AC45-ED1D4BDBE931}.Debug|x86.Deploy.0 = Debug|x86
		{1D8853A7-F1DA-4493-AC45-ED1D4BDBE931}.Release|Any CPU.ActiveCfg = Release|x64
		{1D8853A7-F1DA-4493-AC45-ED1D4BDBE931}.Release|Any CPU.Build.0 = Release|x64
		{1D8853A7-F1DA-4493-AC45-ED1D4BDBE931}.Release|Any CPU.Deploy.0 = Release|x64
		{1D8853A7-F1DA-4493-AC45-ED1D4BDBE931}.Release|ARM.ActiveCfg = Release|ARM
		{1D8853A7-F1DA-4493-AC45-ED1D4BDBE931}.Release|ARM.Build.0 = Release|ARM
		{1D8853A7-F1DA-4493-AC45-ED1D4BDBE931}.Release|ARM.Deploy.0 = Release|ARM
		{1D8853A7-F1DA-4493-AC45-ED1D4BDBE931}.Release|iPhone.ActiveCfg = Release|x64
		{1D8853A7-F1DA-4493-AC45-ED1D4BDBE931}.Release|iPhone.Build.0 = Release|x64
		{1D8853A7-F1DA-4493-AC45-ED1D4BDBE931}.Release|iPhone.Deploy.0 = Release|x64
		{1D8853A7-F1DA-4493-AC45-ED1D4BDBE931}.Release|iPhoneSimulator.ActiveCfg = Release|x64
		{1D8853A7-F1DA-4493-AC45-ED1D4BDBE931}.Release|iPhoneSimulator.Build.0 = Release|x64
		{1D8853A7-F1DA-4493-AC45-ED1D4BDBE931}.Release|iPhoneSimulator.Deploy.0 = Release|x64
		{1D8853A7-F1DA-4493-AC45-ED1D4BDBE931}.Release|x64.ActiveCfg = Release|x64
		{1D8853A7-F1DA-4493-AC45-ED1D4BDBE931}.Release|x64.Build.0 = Release|x64
		{1D8853A7-F1DA-4493-AC45-ED1D4BDBE931}.Release|x64.Deploy.0 = Release|x64
		{1D8853A7-F1DA-4493-AC45-ED1D4BDBE931}.Release|x86.ActiveCfg = Release|x86
		{1D8853A7-F1DA-4493-AC45-ED1D4BDBE931}.Release|x86.Build.0 = Release|x86
		{1D8853A7-F1DA-4493-AC45-ED1D4BDBE931}.Release|x86.Deploy.0 = Release|x86
		{4B1BBD56-DF80-4441-AF90-57BBF204E678}.Debug|Any CPU.ActiveCfg = Debug|Any CPU
		{4B1BBD56-DF80-4441-AF90-57BBF204E678}.Debug|Any CPU.Build.0 = Debug|Any CPU
		{4B1BBD56-DF80-4441-AF90-57BBF204E678}.Debug|Any CPU.Deploy.0 = Debug|Any CPU
		{4B1BBD56-DF80-4441-AF90-57BBF204E678}.Debug|ARM.ActiveCfg = Debug|Any CPU
		{4B1BBD56-DF80-4441-AF90-57BBF204E678}.Debug|ARM.Build.0 = Debug|Any CPU
		{4B1BBD56-DF80-4441-AF90-57BBF204E678}.Debug|ARM.Deploy.0 = Debug|Any CPU
		{4B1BBD56-DF80-4441-AF90-57BBF204E678}.Debug|iPhone.ActiveCfg = Debug|Any CPU
		{4B1BBD56-DF80-4441-AF90-57BBF204E678}.Debug|iPhone.Build.0 = Debug|Any CPU
		{4B1BBD56-DF80-4441-AF90-57BBF204E678}.Debug|iPhone.Deploy.0 = Debug|Any CPU
		{4B1BBD56-DF80-4441-AF90-57BBF204E678}.Debug|iPhoneSimulator.ActiveCfg = Debug|Any CPU
		{4B1BBD56-DF80-4441-AF90-57BBF204E678}.Debug|iPhoneSimulator.Build.0 = Debug|Any CPU
		{4B1BBD56-DF80-4441-AF90-57BBF204E678}.Debug|iPhoneSimulator.Deploy.0 = Debug|Any CPU
		{4B1BBD56-DF80-4441-AF90-57BBF204E678}.Debug|x64.ActiveCfg = Debug|Any CPU
		{4B1BBD56-DF80-4441-AF90-57BBF204E678}.Debug|x64.Build.0 = Debug|Any CPU
		{4B1BBD56-DF80-4441-AF90-57BBF204E678}.Debug|x64.Deploy.0 = Debug|Any CPU
		{4B1BBD56-DF80-4441-AF90-57BBF204E678}.Debug|x86.ActiveCfg = Debug|Any CPU
		{4B1BBD56-DF80-4441-AF90-57BBF204E678}.Debug|x86.Build.0 = Debug|Any CPU
		{4B1BBD56-DF80-4441-AF90-57BBF204E678}.Debug|x86.Deploy.0 = Debug|Any CPU
		{4B1BBD56-DF80-4441-AF90-57BBF204E678}.Release|Any CPU.ActiveCfg = Release|Any CPU
		{4B1BBD56-DF80-4441-AF90-57BBF204E678}.Release|Any CPU.Build.0 = Release|Any CPU
		{4B1BBD56-DF80-4441-AF90-57BBF204E678}.Release|Any CPU.Deploy.0 = Release|Any CPU
		{4B1BBD56-DF80-4441-AF90-57BBF204E678}.Release|ARM.ActiveCfg = Release|Any CPU
		{4B1BBD56-DF80-4441-AF90-57BBF204E678}.Release|ARM.Build.0 = Release|Any CPU
		{4B1BBD56-DF80-4441-AF90-57BBF204E678}.Release|ARM.Deploy.0 = Release|Any CPU
		{4B1BBD56-DF80-4441-AF90-57BBF204E678}.Release|iPhone.ActiveCfg = Release|Any CPU
		{4B1BBD56-DF80-4441-AF90-57BBF204E678}.Release|iPhone.Build.0 = Release|Any CPU
		{4B1BBD56-DF80-4441-AF90-57BBF204E678}.Release|iPhone.Deploy.0 = Release|Any CPU
		{4B1BBD56-DF80-4441-AF90-57BBF204E678}.Release|iPhoneSimulator.ActiveCfg = Release|Any CPU
		{4B1BBD56-DF80-4441-AF90-57BBF204E678}.Release|iPhoneSimulator.Build.0 = Release|Any CPU
		{4B1BBD56-DF80-4441-AF90-57BBF204E678}.Release|iPhoneSimulator.Deploy.0 = Release|Any CPU
		{4B1BBD56-DF80-4441-AF90-57BBF204E678}.Release|x64.ActiveCfg = Release|Any CPU
		{4B1BBD56-DF80-4441-AF90-57BBF204E678}.Release|x64.Build.0 = Release|Any CPU
		{4B1BBD56-DF80-4441-AF90-57BBF204E678}.Release|x64.Deploy.0 = Release|Any CPU
		{4B1BBD56-DF80-4441-AF90-57BBF204E678}.Release|x86.ActiveCfg = Release|Any CPU
		{4B1BBD56-DF80-4441-AF90-57BBF204E678}.Release|x86.Build.0 = Release|Any CPU
		{4B1BBD56-DF80-4441-AF90-57BBF204E678}.Release|x86.Deploy.0 = Release|Any CPU
		{9E2034FB-54F4-42CB-9BD4-65DB8A84BC08}.Debug|Any CPU.ActiveCfg = Debug|iPhoneSimulator
		{9E2034FB-54F4-42CB-9BD4-65DB8A84BC08}.Debug|Any CPU.Build.0 = Debug|iPhoneSimulator
		{9E2034FB-54F4-42CB-9BD4-65DB8A84BC08}.Debug|Any CPU.Deploy.0 = Debug|iPhoneSimulator
		{9E2034FB-54F4-42CB-9BD4-65DB8A84BC08}.Debug|ARM.ActiveCfg = Debug|iPhoneSimulator
		{9E2034FB-54F4-42CB-9BD4-65DB8A84BC08}.Debug|ARM.Build.0 = Debug|iPhoneSimulator
		{9E2034FB-54F4-42CB-9BD4-65DB8A84BC08}.Debug|ARM.Deploy.0 = Debug|iPhoneSimulator
		{9E2034FB-54F4-42CB-9BD4-65DB8A84BC08}.Debug|iPhone.ActiveCfg = Debug|iPhone
		{9E2034FB-54F4-42CB-9BD4-65DB8A84BC08}.Debug|iPhone.Build.0 = Debug|iPhone
		{9E2034FB-54F4-42CB-9BD4-65DB8A84BC08}.Debug|iPhone.Deploy.0 = Debug|iPhone
		{9E2034FB-54F4-42CB-9BD4-65DB8A84BC08}.Debug|iPhoneSimulator.ActiveCfg = Debug|iPhoneSimulator
		{9E2034FB-54F4-42CB-9BD4-65DB8A84BC08}.Debug|iPhoneSimulator.Build.0 = Debug|iPhoneSimulator
		{9E2034FB-54F4-42CB-9BD4-65DB8A84BC08}.Debug|iPhoneSimulator.Deploy.0 = Debug|iPhoneSimulator
		{9E2034FB-54F4-42CB-9BD4-65DB8A84BC08}.Debug|x64.ActiveCfg = Debug|iPhone
		{9E2034FB-54F4-42CB-9BD4-65DB8A84BC08}.Debug|x64.Build.0 = Debug|iPhone
		{9E2034FB-54F4-42CB-9BD4-65DB8A84BC08}.Debug|x64.Deploy.0 = Debug|iPhone
		{9E2034FB-54F4-42CB-9BD4-65DB8A84BC08}.Debug|x86.ActiveCfg = Debug|iPhoneSimulator
		{9E2034FB-54F4-42CB-9BD4-65DB8A84BC08}.Debug|x86.Build.0 = Debug|iPhoneSimulator
		{9E2034FB-54F4-42CB-9BD4-65DB8A84BC08}.Debug|x86.Deploy.0 = Debug|iPhoneSimulator
		{9E2034FB-54F4-42CB-9BD4-65DB8A84BC08}.Release|Any CPU.ActiveCfg = Release|iPhoneSimulator
		{9E2034FB-54F4-42CB-9BD4-65DB8A84BC08}.Release|Any CPU.Build.0 = Release|iPhoneSimulator
		{9E2034FB-54F4-42CB-9BD4-65DB8A84BC08}.Release|Any CPU.Deploy.0 = Release|iPhoneSimulator
		{9E2034FB-54F4-42CB-9BD4-65DB8A84BC08}.Release|ARM.ActiveCfg = Release|iPhoneSimulator
		{9E2034FB-54F4-42CB-9BD4-65DB8A84BC08}.Release|ARM.Build.0 = Release|iPhoneSimulator
		{9E2034FB-54F4-42CB-9BD4-65DB8A84BC08}.Release|ARM.Deploy.0 = Release|iPhoneSimulator
		{9E2034FB-54F4-42CB-9BD4-65DB8A84BC08}.Release|iPhone.ActiveCfg = Release|iPhone
		{9E2034FB-54F4-42CB-9BD4-65DB8A84BC08}.Release|iPhone.Build.0 = Release|iPhone
		{9E2034FB-54F4-42CB-9BD4-65DB8A84BC08}.Release|iPhone.Deploy.0 = Release|iPhone
		{9E2034FB-54F4-42CB-9BD4-65DB8A84BC08}.Release|iPhoneSimulator.ActiveCfg = Release|iPhoneSimulator
		{9E2034FB-54F4-42CB-9BD4-65DB8A84BC08}.Release|iPhoneSimulator.Build.0 = Release|iPhoneSimulator
		{9E2034FB-54F4-42CB-9BD4-65DB8A84BC08}.Release|iPhoneSimulator.Deploy.0 = Release|iPhoneSimulator
		{9E2034FB-54F4-42CB-9BD4-65DB8A84BC08}.Release|x64.ActiveCfg = Release|iPhoneSimulator
		{9E2034FB-54F4-42CB-9BD4-65DB8A84BC08}.Release|x64.Build.0 = Release|iPhoneSimulator
		{9E2034FB-54F4-42CB-9BD4-65DB8A84BC08}.Release|x64.Deploy.0 = Release|iPhoneSimulator
		{9E2034FB-54F4-42CB-9BD4-65DB8A84BC08}.Release|x86.ActiveCfg = Release|iPhoneSimulator
		{9E2034FB-54F4-42CB-9BD4-65DB8A84BC08}.Release|x86.Build.0 = Release|iPhoneSimulator
		{9E2034FB-54F4-42CB-9BD4-65DB8A84BC08}.Release|x86.Deploy.0 = Release|iPhoneSimulator
		{116A51E0-7E60-4723-B6E7-6770F37B9249}.Debug|Any CPU.ActiveCfg = Debug|Any CPU
		{116A51E0-7E60-4723-B6E7-6770F37B9249}.Debug|Any CPU.Build.0 = Debug|Any CPU
		{116A51E0-7E60-4723-B6E7-6770F37B9249}.Debug|Any CPU.Deploy.0 = Debug|Any CPU
		{116A51E0-7E60-4723-B6E7-6770F37B9249}.Debug|ARM.ActiveCfg = Debug|Any CPU
		{116A51E0-7E60-4723-B6E7-6770F37B9249}.Debug|ARM.Build.0 = Debug|Any CPU
		{116A51E0-7E60-4723-B6E7-6770F37B9249}.Debug|ARM.Deploy.0 = Debug|Any CPU
		{116A51E0-7E60-4723-B6E7-6770F37B9249}.Debug|iPhone.ActiveCfg = Debug|Any CPU
		{116A51E0-7E60-4723-B6E7-6770F37B9249}.Debug|iPhone.Build.0 = Debug|Any CPU
		{116A51E0-7E60-4723-B6E7-6770F37B9249}.Debug|iPhone.Deploy.0 = Debug|Any CPU
		{116A51E0-7E60-4723-B6E7-6770F37B9249}.Debug|iPhoneSimulator.ActiveCfg = Debug|Any CPU
		{116A51E0-7E60-4723-B6E7-6770F37B9249}.Debug|iPhoneSimulator.Build.0 = Debug|Any CPU
		{116A51E0-7E60-4723-B6E7-6770F37B9249}.Debug|iPhoneSimulator.Deploy.0 = Debug|Any CPU
		{116A51E0-7E60-4723-B6E7-6770F37B9249}.Debug|x64.ActiveCfg = Debug|Any CPU
		{116A51E0-7E60-4723-B6E7-6770F37B9249}.Debug|x64.Build.0 = Debug|Any CPU
		{116A51E0-7E60-4723-B6E7-6770F37B9249}.Debug|x64.Deploy.0 = Debug|Any CPU
		{116A51E0-7E60-4723-B6E7-6770F37B9249}.Debug|x86.ActiveCfg = Debug|Any CPU
		{116A51E0-7E60-4723-B6E7-6770F37B9249}.Debug|x86.Build.0 = Debug|Any CPU
		{116A51E0-7E60-4723-B6E7-6770F37B9249}.Debug|x86.Deploy.0 = Debug|Any CPU
		{116A51E0-7E60-4723-B6E7-6770F37B9249}.Release|Any CPU.ActiveCfg = Release|Any CPU
		{116A51E0-7E60-4723-B6E7-6770F37B9249}.Release|Any CPU.Build.0 = Release|Any CPU
		{116A51E0-7E60-4723-B6E7-6770F37B9249}.Release|Any CPU.Deploy.0 = Release|Any CPU
		{116A51E0-7E60-4723-B6E7-6770F37B9249}.Release|ARM.ActiveCfg = Release|Any CPU
		{116A51E0-7E60-4723-B6E7-6770F37B9249}.Release|ARM.Build.0 = Release|Any CPU
		{116A51E0-7E60-4723-B6E7-6770F37B9249}.Release|ARM.Deploy.0 = Release|Any CPU
		{116A51E0-7E60-4723-B6E7-6770F37B9249}.Release|iPhone.ActiveCfg = Release|Any CPU
		{116A51E0-7E60-4723-B6E7-6770F37B9249}.Release|iPhone.Build.0 = Release|Any CPU
		{116A51E0-7E60-4723-B6E7-6770F37B9249}.Release|iPhone.Deploy.0 = Release|Any CPU
		{116A51E0-7E60-4723-B6E7-6770F37B9249}.Release|iPhoneSimulator.ActiveCfg = Release|Any CPU
		{116A51E0-7E60-4723-B6E7-6770F37B9249}.Release|iPhoneSimulator.Build.0 = Release|Any CPU
		{116A51E0-7E60-4723-B6E7-6770F37B9249}.Release|iPhoneSimulator.Deploy.0 = Release|Any CPU
		{116A51E0-7E60-4723-B6E7-6770F37B9249}.Release|x64.ActiveCfg = Release|Any CPU
		{116A51E0-7E60-4723-B6E7-6770F37B9249}.Release|x64.Build.0 = Release|Any CPU
		{116A51E0-7E60-4723-B6E7-6770F37B9249}.Release|x64.Deploy.0 = Release|Any CPU
		{116A51E0-7E60-4723-B6E7-6770F37B9249}.Release|x86.ActiveCfg = Release|Any CPU
		{116A51E0-7E60-4723-B6E7-6770F37B9249}.Release|x86.Build.0 = Release|Any CPU
		{116A51E0-7E60-4723-B6E7-6770F37B9249}.Release|x86.Deploy.0 = Release|Any CPU
		{4F61ACB6-EFC9-46F4-B4BD-8ADE814E4495}.Debug|Any CPU.ActiveCfg = Debug|Any CPU
		{4F61ACB6-EFC9-46F4-B4BD-8ADE814E4495}.Debug|Any CPU.Build.0 = Debug|Any CPU
		{4F61ACB6-EFC9-46F4-B4BD-8ADE814E4495}.Debug|ARM.ActiveCfg = Debug|Any CPU
		{4F61ACB6-EFC9-46F4-B4BD-8ADE814E4495}.Debug|ARM.Build.0 = Debug|Any CPU
		{4F61ACB6-EFC9-46F4-B4BD-8ADE814E4495}.Debug|iPhone.ActiveCfg = Debug|Any CPU
		{4F61ACB6-EFC9-46F4-B4BD-8ADE814E4495}.Debug|iPhone.Build.0 = Debug|Any CPU
		{4F61ACB6-EFC9-46F4-B4BD-8ADE814E4495}.Debug|iPhoneSimulator.ActiveCfg = Debug|Any CPU
		{4F61ACB6-EFC9-46F4-B4BD-8ADE814E4495}.Debug|iPhoneSimulator.Build.0 = Debug|Any CPU
		{4F61ACB6-EFC9-46F4-B4BD-8ADE814E4495}.Debug|x64.ActiveCfg = Debug|Any CPU
		{4F61ACB6-EFC9-46F4-B4BD-8ADE814E4495}.Debug|x64.Build.0 = Debug|Any CPU
		{4F61ACB6-EFC9-46F4-B4BD-8ADE814E4495}.Debug|x86.ActiveCfg = Debug|Any CPU
		{4F61ACB6-EFC9-46F4-B4BD-8ADE814E4495}.Debug|x86.Build.0 = Debug|Any CPU
		{4F61ACB6-EFC9-46F4-B4BD-8ADE814E4495}.Release|Any CPU.ActiveCfg = Release|Any CPU
		{4F61ACB6-EFC9-46F4-B4BD-8ADE814E4495}.Release|Any CPU.Build.0 = Release|Any CPU
		{4F61ACB6-EFC9-46F4-B4BD-8ADE814E4495}.Release|ARM.ActiveCfg = Release|Any CPU
		{4F61ACB6-EFC9-46F4-B4BD-8ADE814E4495}.Release|ARM.Build.0 = Release|Any CPU
		{4F61ACB6-EFC9-46F4-B4BD-8ADE814E4495}.Release|iPhone.ActiveCfg = Release|Any CPU
		{4F61ACB6-EFC9-46F4-B4BD-8ADE814E4495}.Release|iPhone.Build.0 = Release|Any CPU
		{4F61ACB6-EFC9-46F4-B4BD-8ADE814E4495}.Release|iPhoneSimulator.ActiveCfg = Release|Any CPU
		{4F61ACB6-EFC9-46F4-B4BD-8ADE814E4495}.Release|iPhoneSimulator.Build.0 = Release|Any CPU
		{4F61ACB6-EFC9-46F4-B4BD-8ADE814E4495}.Release|x64.ActiveCfg = Release|Any CPU
		{4F61ACB6-EFC9-46F4-B4BD-8ADE814E4495}.Release|x64.Build.0 = Release|Any CPU
		{4F61ACB6-EFC9-46F4-B4BD-8ADE814E4495}.Release|x86.ActiveCfg = Release|Any CPU
		{4F61ACB6-EFC9-46F4-B4BD-8ADE814E4495}.Release|x86.Build.0 = Release|Any CPU
	EndGlobalSection
	GlobalSection(SolutionProperties) = preSolution
		HideSolutionNode = FALSE
	EndGlobalSection
	GlobalSection(NestedProjects) = preSolution
		{1D8853A7-F1DA-4493-AC45-ED1D4BDBE931} = {5E30C77B-FB26-4E74-B9FA-C5379512B229}
		{4B1BBD56-DF80-4441-AF90-57BBF204E678} = {5E30C77B-FB26-4E74-B9FA-C5379512B229}
		{9E2034FB-54F4-42CB-9BD4-65DB8A84BC08} = {5E30C77B-FB26-4E74-B9FA-C5379512B229}
		{116A51E0-7E60-4723-B6E7-6770F37B9249} = {F9013C5E-666F-403E-AD91-A36260AE48DB}
		{4F61ACB6-EFC9-46F4-B4BD-8ADE814E4495} = {5A84B799-A57E-4DB2-B302-9387B48F7C76}
	EndGlobalSection
	GlobalSection(ExtensibilityGlobals) = postSolution
		SolutionGuid = {41FD5CD2-7007-4E48-9003-AC1AD0B1179B}
	EndGlobalSection
EndGlobal
